
Microsoft Visual Studio Solution File, Format Version 12.00
# Visual Studio Version 17
VisualStudioVersion = 17.2.32526.322
MinimumVisualStudioVersion = 10.0.40219.1
Project("{FAE04EC0-301F-11D3-BF4B-00C04F79EFBC}") = "ConsoleApp1", "ConsoleApp1.csproj", "{599A8ED8-1282-407D-91CF-F5A057138104}"
EndProject
Global
	GlobalSection(SolutionConfigurationPlatforms) = preSolution
		Debug|Any CPU = Debug|Any CPU
		Release|Any CPU = Release|Any CPU
	EndGlobalSection
	GlobalSection(ProjectConfigurationPlatforms) = postSolution
		{599A8ED8-1282-407D-91CF-F5A057138104}.Debug|Any CPU.ActiveCfg = Debug|Any CPU
		{599A8ED8-1282-407D-91CF-F5A057138104}.Debug|Any CPU.Build.0 = Debug|Any CPU
		{599A8ED8-1282-407D-91CF-F5A057138104}.Release|Any CPU.ActiveCfg = Release|Any CPU
		{599A8ED8-1282-407D-91CF-F5A057138104}.Release|Any CPU.Build.0 = Release|Any CPU
	EndGlobalSection
	GlobalSection(SolutionProperties) = preSolution
		HideSolutionNode = FALSE
	EndGlobalSection
	GlobalSection(ExtensibilityGlobals) = postSolution
		SolutionGuid = {A5A0E7EE-3799-411B-B85A-E2D4B8CDFD2A}
	EndGlobalSection
EndGlobal
