
Microsoft Visual Studio Solution File, Format Version 12.00
# Visual Studio Version 17
VisualStudioVersion = 17.2.32526.322
MinimumVisualStudioVersion = 10.0.40219.1
Project("{FAE04EC0-301F-11D3-BF4B-00C04F79EFBC}") = "CommonPermutation", "CommonPermutation.csproj", "{A6194E07-AA4F-4290-9B63-5116C901417F}"
EndProject
Global
	GlobalSection(SolutionConfigurationPlatforms) = preSolution
		Debug|Any CPU = Debug|Any CPU
		Release|Any CPU = Release|Any CPU
	EndGlobalSection
	GlobalSection(ProjectConfigurationPlatforms) = postSolution
		{A6194E07-AA4F-4290-9B63-5116C901417F}.Debug|Any CPU.ActiveCfg = Debug|Any CPU
		{A6194E07-AA4F-4290-9B63-5116C901417F}.Debug|Any CPU.Build.0 = Debug|Any CPU
		{A6194E07-AA4F-4290-9B63-5116C901417F}.Release|Any CPU.ActiveCfg = Release|Any CPU
		{A6194E07-AA4F-4290-9B63-5116C901417F}.Release|Any CPU.Build.0 = Release|Any CPU
	EndGlobalSection
	GlobalSection(SolutionProperties) = preSolution
		HideSolutionNode = FALSE
	EndGlobalSection
	GlobalSection(ExtensibilityGlobals) = postSolution
		SolutionGuid = {975B7E33-955E-42E1-A57A-C49C20BD3BB6}
	EndGlobalSection
EndGlobal
